{
  "lockfileVersion": 1,
  "configVersion": 1,
  "workspaces": {
    "": {
      "name": "example-app",
      "dependencies": {
        "@upstash/redis": "1.36.2",
        "@upstash/workflow": "1.1.1",
        "hono": "4.12.0",
        "zod": "4.3.6",
      },
      "devDependencies": {
        "@types/bun": "latest",
      },
      "peerDependencies": {
        "typescript": "^5",
      },
    },
  },
  "packages": {
    "@types/bun": ["@types/bun@1.3.9", "", { "dependencies": { "bun-types": "1.3.9" } }, "sha512-KQ571yULOdWJiMH+RIWIOZ7B2RXQGpL1YQrBtLIV3FqDcCu6FsbFUBwhdKUlCKUpS3PJDsHlJ1QKlpxoVR+xtw=="],

    "@types/node": ["@types/node@25.3.0", "", { "dependencies": { "undici-types": "~7.18.0" } }, "sha512-4K3bqJpXpqfg2XKGK9bpDTc6xO/xoUP/RBWS7AtRMug6zZFaRekiLzjVtAoZMquxoAbzBvy5nxQ7veS5eYzf8A=="],

    "@upstash/qstash": ["@upstash/qstash@2.9.0-rc", "", { "dependencies": { "crypto-js": ">=4.2.0", "jose": "^5.2.3", "neverthrow": "^7.0.1" } }, "sha512-T2VGOuK/XOFe+kppsANdiaXxpqPvnXl8XWmZzAtqZKsHWkBXPYqAvr/Pek8TZEKeOLAgc7wrl4Rm0KNqec9Fww=="],

    "@upstash/redis": ["@upstash/redis@1.36.2", "", { "dependencies": { "uncrypto": "^0.1.3" } }, "sha512-C0Yt8hc12vLaQYRG1fMci8iPrLtnTdbJG0HR5T8vKnvEP/1RdMMblsOJs5/jp0JXZJ1oSzMnQz4J9EVezNpI6A=="],

    "@upstash/workflow": ["@upstash/workflow@1.1.1", "", { "dependencies": { "@upstash/qstash": "2.9.0-rc" }, "peerDependencies": { "zod": "^3.25.0 || ^4.0.0" } }, "sha512-1TWVoE8jS3bHcRGQlWgFg0j9J0MPMHD8Tm9Sq61Ix226d8S4LEwAQWPnHYxjxe5PWw/RUgMDOR8lhM62bzQWRg=="],

    "bun-types": ["bun-types@1.3.9", "", { "dependencies": { "@types/node": "*" } }, "sha512-+UBWWOakIP4Tswh0Bt0QD0alpTY8cb5hvgiYeWCMet9YukHbzuruIEeXC2D7nMJPB12kbh8C7XJykSexEqGKJg=="],

    "crypto-js": ["crypto-js@4.2.0", "", {}, "sha512-KALDyEYgpY+Rlob/iriUtjV6d5Eq+Y191A5g4UqLAi8CyGP9N1+FdVbkc1SxKc2r4YAYqG8JzO2KGL+AizD70Q=="],

    "hono": ["hono@4.12.0", "", {}, "sha512-NekXntS5M94pUfiVZ8oXXK/kkri+5WpX2/Ik+LVsl+uvw+soj4roXIsPqO+XsWrAw20mOzaXOZf3Q7PfB9A/IA=="],

    "jose": ["jose@5.10.0", "", {}, "sha512-s+3Al/p9g32Iq+oqXxkW//7jk2Vig6FF1CFqzVXoTUXt2qz89YWbL+OwS17NFYEvxC35n0FKeGO2LGYSxeM2Gg=="],

    "neverthrow": ["neverthrow@7.2.0", "", {}, "sha512-iGBUfFB7yPczHHtA8dksKTJ9E8TESNTAx1UQWW6TzMF280vo9jdPYpLUXrMN1BCkPdHFdNG3fxOt2CUad8KhAw=="],

    "typescript": ["typescript@5.9.3", "", { "bin": { "tsc": "bin/tsc", "tsserver": "bin/tsserver" } }, "sha512-jl1vZzPDinLr9eUt3J/t7V6FgNEw9QjvBPdysz9KfQDD41fQrC2Y4vKQdiaUpFT4bXlb1RHhLpp8wtm6M5TgSw=="],

    "uncrypto": ["uncrypto@0.1.3", "", {}, "sha512-Ql87qFHB3s/De2ClA9e0gsnS6zXG27SkTiSJwjCc9MebbfapQfuPzumMIUMi38ezPZVNFcHI9sUIepeQfw8J8Q=="],

    "undici-types": ["undici-types@7.18.2", "", {}, "sha512-AsuCzffGHJybSaRrmr5eHr81mwJU3kjw6M+uprWvCXiNeN9SOGwQ3Jn8jb8m3Z6izVgknn1R0FTCEAP2QrLY/w=="],

    "zod": ["zod@4.3.6", "", {}, "sha512-rftlrkhHZOcjDwkGlnUtZZkvaPHCsDATp4pGpuOOMDaTdDDXF91wuVDJoWoPsKX/3YPQ5fHuF3STjcYyKr+Qhg=="],
  }
}
